
Microsoft Visual Studio Solution File, Format Version 12.00
# Visual Studio Version 16
VisualStudioVersion = 16.0.28407.52
MinimumVisualStudioVersion = 10.0.40219.1
Project("{FAE04EC0-301F-11D3-BF4B-00C04F79EFBC}") = "PeopleXamarin.UWP", "PeopleXamarin\PeopleXamarin.UWP\PeopleXamarin.UWP.csproj", "{381EB477-3106-4E44-BACF-9A2B15526B4E}"
EndProject
Project("{FAE04EC0-301F-11D3-BF4B-00C04F79EFBC}") = "PeopleXamarin.Android", "PeopleXamarin\PeopleXamarin.Android\PeopleXamarin.Android.csproj", "{B1266EE3-2D67-4066-BDBA-DE34208A33B9}"
EndProject
Project("{FAE04EC0-301F-11D3-BF4B-00C04F79EFBC}") = "PeopleXamarin.iOS", "PeopleXamarin\PeopleXamarin.iOS\PeopleXamarin.iOS.csproj", "{3C7D2010-E5A6-482D-93B5-3802E9A7F11E}"
EndProject
Project("{FAE04EC0-301F-11D3-BF4B-00C04F79EFBC}") = "PeopleXamarin", "PeopleXamarin\PeopleXamarin\PeopleXamarin.csproj", "{F866F56D-A4A8-4548-ACC5-97578189FCC3}"
EndProject
Global
	GlobalSection(SolutionConfigurationPlatforms) = preSolution
		Ad-Hoc|Any CPU = Ad-Hoc|Any CPU
		Ad-Hoc|ARM = Ad-Hoc|ARM
		Ad-Hoc|iPhone = Ad-Hoc|iPhone
		Ad-Hoc|iPhoneSimulator = Ad-Hoc|iPhoneSimulator
		Ad-Hoc|x64 = Ad-Hoc|x64
		Ad-Hoc|x86 = Ad-Hoc|x86
		AppStore|Any CPU = AppStore|Any CPU
		AppStore|ARM = AppStore|ARM
		AppStore|iPhone = AppStore|iPhone
		AppStore|iPhoneSimulator = AppStore|iPhoneSimulator
		AppStore|x64 = AppStore|x64
		AppStore|x86 = AppStore|x86
		Debug|Any CPU = Debug|Any CPU
		Debug|ARM = Debug|ARM
		Debug|iPhone = Debug|iPhone
		Debug|iPhoneSimulator = Debug|iPhoneSimulator
		Debug|x64 = Debug|x64
		Debug|x86 = Debug|x86
		Release|Any CPU = Release|Any CPU
		Release|ARM = Release|ARM
		Release|iPhone = Release|iPhone
		Release|iPhoneSimulator = Release|iPhoneSimulator
		Release|x64 = Release|x64
		Release|x86 = Release|x86
	EndGlobalSection
	GlobalSection(ProjectConfigurationPlatforms) = postSolution
		{381EB477-3106-4E44-BACF-9A2B15526B4E}.Ad-Hoc|Any CPU.ActiveCfg = Release|x86
		{381EB477-3106-4E44-BACF-9A2B15526B4E}.Ad-Hoc|Any CPU.Build.0 = Release|x86
		{381EB477-3106-4E44-BACF-9A2B15526B4E}.Ad-Hoc|Any CPU.Deploy.0 = Release|x86
		{381EB477-3106-4E44-BACF-9A2B15526B4E}.Ad-Hoc|ARM.ActiveCfg = Release|ARM
		{381EB477-3106-4E44-BACF-9A2B15526B4E}.Ad-Hoc|ARM.Build.0 = Release|ARM
		{381EB477-3106-4E44-BACF-9A2B15526B4E}.Ad-Hoc|ARM.Deploy.0 = Release|ARM
		{381EB477-3106-4E44-BACF-9A2B15526B4E}.Ad-Hoc|iPhone.ActiveCfg = Release|x86
		{381EB477-3106-4E44-BACF-9A2B15526B4E}.Ad-Hoc|iPhone.Build.0 = Release|x86
		{381EB477-3106-4E44-BACF-9A2B15526B4E}.Ad-Hoc|iPhone.Deploy.0 = Release|x86
		{381EB477-3106-4E44-BACF-9A2B15526B4E}.Ad-Hoc|iPhoneSimulator.ActiveCfg = Release|x86
		{381EB477-3106-4E44-BACF-9A2B15526B4E}.Ad-Hoc|iPhoneSimulator.Build.0 = Release|x86
		{381EB477-3106-4E44-BACF-9A2B15526B4E}.Ad-Hoc|iPhoneSimulator.Deploy.0 = Release|x86
		{381EB477-3106-4E44-BACF-9A2B15526B4E}.Ad-Hoc|x64.ActiveCfg = Release|x64
		{381EB477-3106-4E44-BACF-9A2B15526B4E}.Ad-Hoc|x64.Build.0 = Release|x64
		{381EB477-3106-4E44-BACF-9A2B15526B4E}.Ad-Hoc|x64.Deploy.0 = Release|x64
		{381EB477-3106-4E44-BACF-9A2B15526B4E}.Ad-Hoc|x86.ActiveCfg = Release|x86
		{381EB477-3106-4E44-BACF-9A2B15526B4E}.Ad-Hoc|x86.Build.0 = Release|x86
		{381EB477-3106-4E44-BACF-9A2B15526B4E}.Ad-Hoc|x86.Deploy.0 = Release|x86
		{381EB477-3106-4E44-BACF-9A2B15526B4E}.AppStore|Any CPU.ActiveCfg = Release|x86
		{381EB477-3106-4E44-BACF-9A2B15526B4E}.AppStore|Any CPU.Build.0 = Release|x86
		{381EB477-3106-4E44-BACF-9A2B15526B4E}.AppStore|Any CPU.Deploy.0 = Release|x86
		{381EB477-3106-4E44-BACF-9A2B15526B4E}.AppStore|ARM.ActiveCfg = Release|ARM
		{381EB477-3106-4E44-BACF-9A2B15526B4E}.AppStore|ARM.Build.0 = Release|ARM
		{381EB477-3106-4E44-BACF-9A2B15526B4E}.AppStore|ARM.Deploy.0 = Release|ARM
		{381EB477-3106-4E44-BACF-9A2B15526B4E}.AppStore|iPhone.ActiveCfg = Release|x86
		{381EB477-3106-4E44-BACF-9A2B15526B4E}.AppStore|iPhone.Build.0 = Release|x86
		{381EB477-3106-4E44-BACF-9A2B15526B4E}.AppStore|iPhone.Deploy.0 = Release|x86
		{381EB477-3106-4E44-BACF-9A2B15526B4E}.AppStore|iPhoneSimulator.ActiveCfg = Release|x86
		{381EB477-3106-4E44-BACF-9A2B15526B4E}.AppStore|iPhoneSimulator.Build.0 = Release|x86
		{381EB477-3106-4E44-BACF-9A2B15526B4E}.AppStore|iPhoneSimulator.Deploy.0 = Release|x86
		{381EB477-3106-4E44-BACF-9A2B15526B4E}.AppStore|x64.ActiveCfg = Release|x64
		{381EB477-3106-4E44-BACF-9A2B15526B4E}.AppStore|x64.Build.0 = Release|x64
		{381EB477-3106-4E44-BACF-9A2B15526B4E}.AppStore|x64.Deploy.0 = Release|x64
		{381EB477-3106-4E44-BACF-9A2B15526B4E}.AppStore|x86.ActiveCfg = Release|x86
		{381EB477-3106-4E44-BACF-9A2B15526B4E}.AppStore|x86.Build.0 = Release|x86
		{381EB477-3106-4E44-BACF-9A2B15526B4E}.AppStore|x86.Deploy.0 = Release|x86
		{381EB477-3106-4E44-BACF-9A2B15526B4E}.Debug|Any CPU.ActiveCfg = Debug|x86
		{381EB477-3106-4E44-BACF-9A2B15526B4E}.Debug|Any CPU.Build.0 = Debug|x86
		{381EB477-3106-4E44-BACF-9A2B15526B4E}.Debug|Any CPU.Deploy.0 = Debug|x86
		{381EB477-3106-4E44-BACF-9A2B15526B4E}.Debug|ARM.ActiveCfg = Debug|ARM
		{381EB477-3106-4E44-BACF-9A2B15526B4E}.Debug|ARM.Build.0 = Debug|ARM
		{381EB477-3106-4E44-BACF-9A2B15526B4E}.Debug|ARM.Deploy.0 = Debug|ARM
		{381EB477-3106-4E44-BACF-9A2B15526B4E}.Debug|iPhone.ActiveCfg = Debug|x86
		{381EB477-3106-4E44-BACF-9A2B15526B4E}.Debug|iPhone.Build.0 = Debug|x86
		{381EB477-3106-4E44-BACF-9A2B15526B4E}.Debug|iPhone.Deploy.0 = Debug|x86
		{381EB477-3106-4E44-BACF-9A2B15526B4E}.Debug|iPhoneSimulator.ActiveCfg = Debug|x86
		{381EB477-3106-4E44-BACF-9A2B15526B4E}.Debug|iPhoneSimulator.Build.0 = Debug|x86
		{381EB477-3106-4E44-BACF-9A2B15526B4E}.Debug|iPhoneSimulator.Deploy.0 = Debug|x86
		{381EB477-3106-4E44-BACF-9A2B15526B4E}.Debug|x64.ActiveCfg = Debug|x64
		{381EB477-3106-4E44-BACF-9A2B15526B4E}.Debug|x64.Build.0 = Debug|x64
		{381EB477-3106-4E44-BACF-9A2B15526B4E}.Debug|x64.Deploy.0 = Debug|x64
		{381EB477-3106-4E44-BACF-9A2B15526B4E}.Debug|x86.ActiveCfg = Debug|x86
		{381EB477-3106-4E44-BACF-9A2B15526B4E}.Debug|x86.Build.0 = Debug|x86
		{381EB477-3106-4E44-BACF-9A2B15526B4E}.Debug|x86.Deploy.0 = Debug|x86
		{381EB477-3106-4E44-BACF-9A2B15526B4E}.Release|Any CPU.ActiveCfg = Release|x86
		{381EB477-3106-4E44-BACF-9A2B15526B4E}.Release|Any CPU.Build.0 = Release|x86
		{381EB477-3106-4E44-BACF-9A2B15526B4E}.Release|Any CPU.Deploy.0 = Release|x86
		{381EB477-3106-4E44-BACF-9A2B15526B4E}.Release|ARM.ActiveCfg = Release|ARM
		{381EB477-3106-4E44-BACF-9A2B15526B4E}.Release|ARM.Build.0 = Release|ARM
		{381EB477-3106-4E44-BACF-9A2B15526B4E}.Release|ARM.Deploy.0 = Release|ARM
		{381EB477-3106-4E44-BACF-9A2B15526B4E}.Release|iPhone.ActiveCfg = Release|x86
		{381EB477-3106-4E44-BACF-9A2B15526B4E}.Release|iPhone.Build.0 = Release|x86
		{381EB477-3106-4E44-BACF-9A2B15526B4E}.Release|iPhone.Deploy.0 = Release|x86
		{381EB477-3106-4E44-BACF-9A2B15526B4E}.Release|iPhoneSimulator.ActiveCfg = Release|x86
		{381EB477-3106-4E44-BACF-9A2B15526B4E}.Release|iPhoneSimulator.Build.0 = Release|x86
		{381EB477-3106-4E44-BACF-9A2B15526B4E}.Release|iPhoneSimulator.Deploy.0 = Release|x86
		{381EB477-3106-4E44-BACF-9A2B15526B4E}.Release|x64.ActiveCfg = Release|x64
		{381EB477-3106-4E44-BACF-9A2B15526B4E}.Release|x64.Build.0 = Release|x64
		{381EB477-3106-4E44-BACF-9A2B15526B4E}.Release|x64.Deploy.0 = Release|x64
		{381EB477-3106-4E44-BACF-9A2B15526B4E}.Release|x86.ActiveCfg = Release|x86
		{381EB477-3106-4E44-BACF-9A2B15526B4E}.Release|x86.Build.0 = Release|x86
		{381EB477-3106-4E44-BACF-9A2B15526B4E}.Release|x86.Deploy.0 = Release|x86
		{B1266EE3-2D67-4066-BDBA-DE34208A33B9}.Ad-Hoc|Any CPU.ActiveCfg = Release|Any CPU
		{B1266EE3-2D67-4066-BDBA-DE34208A33B9}.Ad-Hoc|Any CPU.Build.0 = Release|Any CPU
		{B1266EE3-2D67-4066-BDBA-DE34208A33B9}.Ad-Hoc|Any CPU.Deploy.0 = Release|Any CPU
		{B1266EE3-2D67-4066-BDBA-DE34208A33B9}.Ad-Hoc|ARM.ActiveCfg = Release|Any CPU
		{B1266EE3-2D67-4066-BDBA-DE34208A33B9}.Ad-Hoc|ARM.Build.0 = Release|Any CPU
		{B1266EE3-2D67-4066-BDBA-DE34208A33B9}.Ad-Hoc|ARM.Deploy.0 = Release|Any CPU
		{B1266EE3-2D67-4066-BDBA-DE34208A33B9}.Ad-Hoc|iPhone.ActiveCfg = Release|Any CPU
		{B1266EE3-2D67-4066-BDBA-DE34208A33B9}.Ad-Hoc|iPhone.Build.0 = Release|Any CPU
		{B1266EE3-2D67-4066-BDBA-DE34208A33B9}.Ad-Hoc|iPhone.Deploy.0 = Release|Any CPU
		{B1266EE3-2D67-4066-BDBA-DE34208A33B9}.Ad-Hoc|iPhoneSimulator.ActiveCfg = Release|Any CPU
		{B1266EE3-2D67-4066-BDBA-DE34208A33B9}.Ad-Hoc|iPhoneSimulator.Build.0 = Release|Any CPU
		{B1266EE3-2D67-4066-BDBA-DE34208A33B9}.Ad-Hoc|iPhoneSimulator.Deploy.0 = Release|Any CPU
		{B1266EE3-2D67-4066-BDBA-DE34208A33B9}.Ad-Hoc|x64.ActiveCfg = Release|Any CPU
		{B1266EE3-2D67-4066-BDBA-DE34208A33B9}.Ad-Hoc|x64.Build.0 = Release|Any CPU
		{B1266EE3-2D67-4066-BDBA-DE34208A33B9}.Ad-Hoc|x64.Deploy.0 = Release|Any CPU
		{B1266EE3-2D67-4066-BDBA-DE34208A33B9}.Ad-Hoc|x86.ActiveCfg = Release|Any CPU
		{B1266EE3-2D67-4066-BDBA-DE34208A33B9}.Ad-Hoc|x86.Build.0 = Release|Any CPU
		{B1266EE3-2D67-4066-BDBA-DE34208A33B9}.Ad-Hoc|x86.Deploy.0 = Release|Any CPU
		{B1266EE3-2D67-4066-BDBA-DE34208A33B9}.AppStore|Any CPU.ActiveCfg = Release|Any CPU
		{B1266EE3-2D67-4066-BDBA-DE34208A33B9}.AppStore|Any CPU.Build.0 = Release|Any CPU
		{B1266EE3-2D67-4066-BDBA-DE34208A33B9}.AppStore|Any CPU.Deploy.0 = Release|Any CPU
		{B1266EE3-2D67-4066-BDBA-DE34208A33B9}.AppStore|ARM.ActiveCfg = Release|Any CPU
		{B1266EE3-2D67-4066-BDBA-DE34208A33B9}.AppStore|ARM.Build.0 = Release|Any CPU
		{B1266EE3-2D67-4066-BDBA-DE34208A33B9}.AppStore|ARM.Deploy.0 = Release|Any CPU
		{B1266EE3-2D67-4066-BDBA-DE34208A33B9}.AppStore|iPhone.ActiveCfg = Release|Any CPU
		{B1266EE3-2D67-4066-BDBA-DE34208A33B9}.AppStore|iPhone.Build.0 = Release|Any CPU
		{B1266EE3-2D67-4066-BDBA-DE34208A33B9}.AppStore|iPhone.Deploy.0 = Release|Any CPU
		{B1266EE3-2D67-4066-BDBA-DE34208A33B9}.AppStore|iPhoneSimulator.ActiveCfg = Release|Any CPU
		{B1266EE3-2D67-4066-BDBA-DE34208A33B9}.AppStore|iPhoneSimulator.Build.0 = Release|Any CPU
		{B1266EE3-2D67-4066-BDBA-DE34208A33B9}.AppStore|iPhoneSimulator.Deploy.0 = Release|Any CPU
		{B1266EE3-2D67-4066-BDBA-DE34208A33B9}.AppStore|x64.ActiveCfg = Release|Any CPU
		{B1266EE3-2D67-4066-BDBA-DE34208A33B9}.AppStore|x64.Build.0 = Release|Any CPU
		{B1266EE3-2D67-4066-BDBA-DE34208A33B9}.AppStore|x64.Deploy.0 = Release|Any CPU
		{B1266EE3-2D67-4066-BDBA-DE34208A33B9}.AppStore|x86.ActiveCfg = Release|Any CPU
		{B1266EE3-2D67-4066-BDBA-DE34208A33B9}.AppStore|x86.Build.0 = Release|Any CPU
		{B1266EE3-2D67-4066-BDBA-DE34208A33B9}.AppStore|x86.Deploy.0 = Release|Any CPU
		{B1266EE3-2D67-4066-BDBA-DE34208A33B9}.Debug|Any CPU.ActiveCfg = Debug|Any CPU
		{B1266EE3-2D67-4066-BDBA-DE34208A33B9}.Debug|Any CPU.Build.0 = Debug|Any CPU
		{B1266EE3-2D67-4066-BDBA-DE34208A33B9}.Debug|Any CPU.Deploy.0 = Debug|Any CPU
		{B1266EE3-2D67-4066-BDBA-DE34208A33B9}.Debug|ARM.ActiveCfg = Debug|Any CPU
		{B1266EE3-2D67-4066-BDBA-DE34208A33B9}.Debug|ARM.Build.0 = Debug|Any CPU
		{B1266EE3-2D67-4066-BDBA-DE34208A33B9}.Debug|ARM.Deploy.0 = Debug|Any CPU
		{B1266EE3-2D67-4066-BDBA-DE34208A33B9}.Debug|iPhone.ActiveCfg = Debug|Any CPU
		{B1266EE3-2D67-4066-BDBA-DE34208A33B9}.Debug|iPhone.Build.0 = Debug|Any CPU
		{B1266EE3-2D67-4066-BDBA-DE34208A33B9}.Debug|iPhone.Deploy.0 = Debug|Any CPU
		{B1266EE3-2D67-4066-BDBA-DE34208A33B9}.Debug|iPhoneSimulator.ActiveCfg = Debug|Any CPU
		{B1266EE3-2D67-4066-BDBA-DE34208A33B9}.Debug|iPhoneSimulator.Build.0 = Debug|Any CPU
		{B1266EE3-2D67-4066-BDBA-DE34208A33B9}.Debug|iPhoneSimulator.Deploy.0 = Debug|Any CPU
		{B1266EE3-2D67-4066-BDBA-DE34208A33B9}.Debug|x64.ActiveCfg = Debug|Any CPU
		{B1266EE3-2D67-4066-BDBA-DE34208A33B9}.Debug|x64.Build.0 = Debug|Any CPU
		{B1266EE3-2D67-4066-BDBA-DE34208A33B9}.Debug|x64.Deploy.0 = Debug|Any CPU
		{B1266EE3-2D67-4066-BDBA-DE34208A33B9}.Debug|x86.ActiveCfg = Debug|Any CPU
		{B1266EE3-2D67-4066-BDBA-DE34208A33B9}.Debug|x86.Build.0 = Debug|Any CPU
		{B1266EE3-2D67-4066-BDBA-DE34208A33B9}.Debug|x86.Deploy.0 = Debug|Any CPU
		{B1266EE3-2D67-4066-BDBA-DE34208A33B9}.Release|Any CPU.ActiveCfg = Release|Any CPU
		{B1266EE3-2D67-4066-BDBA-DE34208A33B9}.Release|Any CPU.Build.0 = Release|Any CPU
		{B1266EE3-2D67-4066-BDBA-DE34208A33B9}.Release|Any CPU.Deploy.0 = Release|Any CPU
		{B1266EE3-2D67-4066-BDBA-DE34208A33B9}.Release|ARM.ActiveCfg = Release|Any CPU
		{B1266EE3-2D67-4066-BDBA-DE34208A33B9}.Release|ARM.Build.0 = Release|Any CPU
		{B1266EE3-2D67-4066-BDBA-DE34208A33B9}.Release|ARM.Deploy.0 = Release|Any CPU
		{B1266EE3-2D67-4066-BDBA-DE34208A33B9}.Release|iPhone.ActiveCfg = Release|Any CPU
		{B1266EE3-2D67-4066-BDBA-DE34208A33B9}.Release|iPhone.Build.0 = Release|Any CPU
		{B1266EE3-2D67-4066-BDBA-DE34208A33B9}.Release|iPhone.Deploy.0 = Release|Any CPU
		{B1266EE3-2D67-4066-BDBA-DE34208A33B9}.Release|iPhoneSimulator.ActiveCfg = Release|Any CPU
		{B1266EE3-2D67-4066-BDBA-DE34208A33B9}.Release|iPhoneSimulator.Build.0 = Release|Any CPU
		{B1266EE3-2D67-4066-BDBA-DE34208A33B9}.Release|iPhoneSimulator.Deploy.0 = Release|Any CPU
		{B1266EE3-2D67-4066-BDBA-DE34208A33B9}.Release|x64.ActiveCfg = Release|Any CPU
		{B1266EE3-2D67-4066-BDBA-DE34208A33B9}.Release|x64.Build.0 = Release|Any CPU
		{B1266EE3-2D67-4066-BDBA-DE34208A33B9}.Release|x64.Deploy.0 = Release|Any CPU
		{B1266EE3-2D67-4066-BDBA-DE34208A33B9}.Release|x86.ActiveCfg = Release|Any CPU
		{B1266EE3-2D67-4066-BDBA-DE34208A33B9}.Release|x86.Build.0 = Release|Any CPU
		{B1266EE3-2D67-4066-BDBA-DE34208A33B9}.Release|x86.Deploy.0 = Release|Any CPU
		{3C7D2010-E5A6-482D-93B5-3802E9A7F11E}.Ad-Hoc|Any CPU.ActiveCfg = Ad-Hoc|iPhone
		{3C7D2010-E5A6-482D-93B5-3802E9A7F11E}.Ad-Hoc|Any CPU.Build.0 = Ad-Hoc|iPhone
		{3C7D2010-E5A6-482D-93B5-3802E9A7F11E}.Ad-Hoc|Any CPU.Deploy.0 = Ad-Hoc|iPhone
		{3C7D2010-E5A6-482D-93B5-3802E9A7F11E}.Ad-Hoc|ARM.ActiveCfg = Ad-Hoc|iPhone
		{3C7D2010-E5A6-482D-93B5-3802E9A7F11E}.Ad-Hoc|ARM.Build.0 = Ad-Hoc|iPhone
		{3C7D2010-E5A6-482D-93B5-3802E9A7F11E}.Ad-Hoc|ARM.Deploy.0 = Ad-Hoc|iPhone
		{3C7D2010-E5A6-482D-93B5-3802E9A7F11E}.Ad-Hoc|iPhone.ActiveCfg = Ad-Hoc|iPhone
		{3C7D2010-E5A6-482D-93B5-3802E9A7F11E}.Ad-Hoc|iPhone.Build.0 = Ad-Hoc|iPhone
		{3C7D2010-E5A6-482D-93B5-3802E9A7F11E}.Ad-Hoc|iPhone.Deploy.0 = Ad-Hoc|iPhone
		{3C7D2010-E5A6-482D-93B5-3802E9A7F11E}.Ad-Hoc|iPhoneSimulator.ActiveCfg = Ad-Hoc|iPhoneSimulator
		{3C7D2010-E5A6-482D-93B5-3802E9A7F11E}.Ad-Hoc|iPhoneSimulator.Build.0 = Ad-Hoc|iPhoneSimulator
		{3C7D2010-E5A6-482D-93B5-3802E9A7F11E}.Ad-Hoc|iPhoneSimulator.Deploy.0 = Ad-Hoc|iPhoneSimulator
		{3C7D2010-E5A6-482D-93B5-3802E9A7F11E}.Ad-Hoc|x64.ActiveCfg = Ad-Hoc|iPhone
		{3C7D2010-E5A6-482D-93B5-3802E9A7F11E}.Ad-Hoc|x64.Build.0 = Ad-Hoc|iPhone
		{3C7D2010-E5A6-482D-93B5-3802E9A7F11E}.Ad-Hoc|x64.Deploy.0 = Ad-Hoc|iPhone
		{3C7D2010-E5A6-482D-93B5-3802E9A7F11E}.Ad-Hoc|x86.ActiveCfg = Ad-Hoc|iPhone
		{3C7D2010-E5A6-482D-93B5-3802E9A7F11E}.Ad-Hoc|x86.Build.0 = Ad-Hoc|iPhone
		{3C7D2010-E5A6-482D-93B5-3802E9A7F11E}.Ad-Hoc|x86.Deploy.0 = Ad-Hoc|iPhone
		{3C7D2010-E5A6-482D-93B5-3802E9A7F11E}.AppStore|Any CPU.ActiveCfg = AppStore|iPhone
		{3C7D2010-E5A6-482D-93B5-3802E9A7F11E}.AppStore|Any CPU.Build.0 = AppStore|iPhone
		{3C7D2010-E5A6-482D-93B5-3802E9A7F11E}.AppStore|Any CPU.Deploy.0 = AppStore|iPhone
		{3C7D2010-E5A6-482D-93B5-3802E9A7F11E}.AppStore|ARM.ActiveCfg = AppStore|iPhone
		{3C7D2010-E5A6-482D-93B5-3802E9A7F11E}.AppStore|ARM.Build.0 = AppStore|iPhone
		{3C7D2010-E5A6-482D-93B5-3802E9A7F11E}.AppStore|ARM.Deploy.0 = AppStore|iPhone
		{3C7D2010-E5A6-482D-93B5-3802E9A7F11E}.AppStore|iPhone.ActiveCfg = AppStore|iPhone
		{3C7D2010-E5A6-482D-93B5-3802E9A7F11E}.AppStore|iPhone.Build.0 = AppStore|iPhone
		{3C7D2010-E5A6-482D-93B5-3802E9A7F11E}.AppStore|iPhone.Deploy.0 = AppStore|iPhone
		{3C7D2010-E5A6-482D-93B5-3802E9A7F11E}.AppStore|iPhoneSimulator.ActiveCfg = AppStore|iPhoneSimulator
		{3C7D2010-E5A6-482D-93B5-3802E9A7F11E}.AppStore|iPhoneSimulator.Build.0 = AppStore|iPhoneSimulator
		{3C7D2010-E5A6-482D-93B5-3802E9A7F11E}.AppStore|iPhoneSimulator.Deploy.0 = AppStore|iPhoneSimulator
		{3C7D2010-E5A6-482D-93B5-3802E9A7F11E}.AppStore|x64.ActiveCfg = AppStore|iPhone
		{3C7D2010-E5A6-482D-93B5-3802E9A7F11E}.AppStore|x64.Build.0 = AppStore|iPhone
		{3C7D2010-E5A6-482D-93B5-3802E9A7F11E}.AppStore|x64.Deploy.0 = AppStore|iPhone
		{3C7D2010-E5A6-482D-93B5-3802E9A7F11E}.AppStore|x86.ActiveCfg = AppStore|iPhone
		{3C7D2010-E5A6-482D-93B5-3802E9A7F11E}.AppStore|x86.Build.0 = AppStore|iPhone
		{3C7D2010-E5A6-482D-93B5-3802E9A7F11E}.AppStore|x86.Deploy.0 = AppStore|iPhone
		{3C7D2010-E5A6-482D-93B5-3802E9A7F11E}.Debug|Any CPU.ActiveCfg = Debug|iPhone
		{3C7D2010-E5A6-482D-93B5-3802E9A7F11E}.Debug|Any CPU.Build.0 = Debug|iPhone
		{3C7D2010-E5A6-482D-93B5-3802E9A7F11E}.Debug|Any CPU.Deploy.0 = Debug|iPhone
		{3C7D2010-E5A6-482D-93B5-3802E9A7F11E}.Debug|ARM.ActiveCfg = Debug|iPhoneSimulator
		{3C7D2010-E5A6-482D-93B5-3802E9A7F11E}.Debug|ARM.Build.0 = Debug|iPhoneSimulator
		{3C7D2010-E5A6-482D-93B5-3802E9A7F11E}.Debug|ARM.Deploy.0 = Debug|iPhoneSimulator
		{3C7D2010-E5A6-482D-93B5-3802E9A7F11E}.Debug|iPhone.ActiveCfg = Debug|iPhone
		{3C7D2010-E5A6-482D-93B5-3802E9A7F11E}.Debug|iPhone.Build.0 = Debug|iPhone
		{3C7D2010-E5A6-482D-93B5-3802E9A7F11E}.Debug|iPhone.Deploy.0 = Debug|iPhone
		{3C7D2010-E5A6-482D-93B5-3802E9A7F11E}.Debug|iPhoneSimulator.ActiveCfg = Debug|iPhoneSimulator
		{3C7D2010-E5A6-482D-93B5-3802E9A7F11E}.Debug|iPhoneSimulator.Build.0 = Debug|iPhoneSimulator
		{3C7D2010-E5A6-482D-93B5-3802E9A7F11E}.Debug|iPhoneSimulator.Deploy.0 = Debug|iPhoneSimulator
		{3C7D2010-E5A6-482D-93B5-3802E9A7F11E}.Debug|x64.ActiveCfg = Debug|iPhone
		{3C7D2010-E5A6-482D-93B5-3802E9A7F11E}.Debug|x64.Build.0 = Debug|iPhone
		{3C7D2010-E5A6-482D-93B5-3802E9A7F11E}.Debug|x64.Deploy.0 = Debug|iPhone
		{3C7D2010-E5A6-482D-93B5-3802E9A7F11E}.Debug|x86.ActiveCfg = Debug|iPhone
		{3C7D2010-E5A6-482D-93B5-3802E9A7F11E}.Debug|x86.Build.0 = Debug|iPhone
		{3C7D2010-E5A6-482D-93B5-3802E9A7F11E}.Debug|x86.Deploy.0 = Debug|iPhone
		{3C7D2010-E5A6-482D-93B5-3802E9A7F11E}.Release|Any CPU.ActiveCfg = Release|iPhone
		{3C7D2010-E5A6-482D-93B5-3802E9A7F11E}.Release|Any CPU.Build.0 = Release|iPhone
		{3C7D2010-E5A6-482D-93B5-3802E9A7F11E}.Release|Any CPU.Deploy.0 = Release|iPhone
		{3C7D2010-E5A6-482D-93B5-3802E9A7F11E}.Release|ARM.ActiveCfg = Release|iPhone
		{3C7D2010-E5A6-482D-93B5-3802E9A7F11E}.Release|ARM.Build.0 = Release|iPhone
		{3C7D2010-E5A6-482D-93B5-3802E9A7F11E}.Release|ARM.Deploy.0 = Release|iPhone
		{3C7D2010-E5A6-482D-93B5-3802E9A7F11E}.Release|iPhone.ActiveCfg = Release|iPhone
		{3C7D2010-E5A6-482D-93B5-3802E9A7F11E}.Release|iPhone.Build.0 = Release|iPhone
		{3C7D2010-E5A6-482D-93B5-3802E9A7F11E}.Release|iPhone.Deploy.0 = Release|iPhone
		{3C7D2010-E5A6-482D-93B5-3802E9A7F11E}.Release|iPhoneSimulator.ActiveCfg = Release|iPhoneSimulator
		{3C7D2010-E5A6-482D-93B5-3802E9A7F11E}.Release|iPhoneSimulator.Build.0 = Release|iPhoneSimulator
		{3C7D2010-E5A6-482D-93B5-3802E9A7F11E}.Release|iPhoneSimulator.Deploy.0 = Release|iPhoneSimulator
		{3C7D2010-E5A6-482D-93B5-3802E9A7F11E}.Release|x64.ActiveCfg = Release|iPhone
		{3C7D2010-E5A6-482D-93B5-3802E9A7F11E}.Release|x64.Build.0 = Release|iPhone
		{3C7D2010-E5A6-482D-93B5-3802E9A7F11E}.Release|x64.Deploy.0 = Release|iPhone
		{3C7D2010-E5A6-482D-93B5-3802E9A7F11E}.Release|x86.ActiveCfg = Release|iPhone
		{3C7D2010-E5A6-482D-93B5-3802E9A7F11E}.Release|x86.Build.0 = Release|iPhone
		{3C7D2010-E5A6-482D-93B5-3802E9A7F11E}.Release|x86.Deploy.0 = Release|iPhone
		{F866F56D-A4A8-4548-ACC5-97578189FCC3}.Ad-Hoc|Any CPU.ActiveCfg = Debug|Any CPU
		{F866F56D-A4A8-4548-ACC5-97578189FCC3}.Ad-Hoc|Any CPU.Build.0 = Debug|Any CPU
		{F866F56D-A4A8-4548-ACC5-97578189FCC3}.Ad-Hoc|Any CPU.Deploy.0 = Debug|Any CPU
		{F866F56D-A4A8-4548-ACC5-97578189FCC3}.Ad-Hoc|ARM.ActiveCfg = Debug|Any CPU
		{F866F56D-A4A8-4548-ACC5-97578189FCC3}.Ad-Hoc|ARM.Build.0 = Debug|Any CPU
		{F866F56D-A4A8-4548-ACC5-97578189FCC3}.Ad-Hoc|ARM.Deploy.0 = Debug|Any CPU
		{F866F56D-A4A8-4548-ACC5-97578189FCC3}.Ad-Hoc|iPhone.ActiveCfg = Debug|Any CPU
		{F866F56D-A4A8-4548-ACC5-97578189FCC3}.Ad-Hoc|iPhone.Build.0 = Debug|Any CPU
		{F866F56D-A4A8-4548-ACC5-97578189FCC3}.Ad-Hoc|iPhone.Deploy.0 = Debug|Any CPU
		{F866F56D-A4A8-4548-ACC5-97578189FCC3}.Ad-Hoc|iPhoneSimulator.ActiveCfg = Debug|Any CPU
		{F866F56D-A4A8-4548-ACC5-97578189FCC3}.Ad-Hoc|iPhoneSimulator.Build.0 = Debug|Any CPU
		{F866F56D-A4A8-4548-ACC5-97578189FCC3}.Ad-Hoc|iPhoneSimulator.Deploy.0 = Debug|Any CPU
		{F866F56D-A4A8-4548-ACC5-97578189FCC3}.Ad-Hoc|x64.ActiveCfg = Debug|Any CPU
		{F866F56D-A4A8-4548-ACC5-97578189FCC3}.Ad-Hoc|x64.Build.0 = Debug|Any CPU
		{F866F56D-A4A8-4548-ACC5-97578189FCC3}.Ad-Hoc|x64.Deploy.0 = Debug|Any CPU
		{F866F56D-A4A8-4548-ACC5-97578189FCC3}.Ad-Hoc|x86.ActiveCfg = Debug|Any CPU
		{F866F56D-A4A8-4548-ACC5-97578189FCC3}.Ad-Hoc|x86.Build.0 = Debug|Any CPU
		{F866F56D-A4A8-4548-ACC5-97578189FCC3}.Ad-Hoc|x86.Deploy.0 = Debug|Any CPU
		{F866F56D-A4A8-4548-ACC5-97578189FCC3}.AppStore|Any CPU.ActiveCfg = Debug|Any CPU
		{F866F56D-A4A8-4548-ACC5-97578189FCC3}.AppStore|Any CPU.Build.0 = Debug|Any CPU
		{F866F56D-A4A8-4548-ACC5-97578189FCC3}.AppStore|Any CPU.Deploy.0 = Debug|Any CPU
		{F866F56D-A4A8-4548-ACC5-97578189FCC3}.AppStore|ARM.ActiveCfg = Debug|Any CPU
		{F866F56D-A4A8-4548-ACC5-97578189FCC3}.AppStore|ARM.Build.0 = Debug|Any CPU
		{F866F56D-A4A8-4548-ACC5-97578189FCC3}.AppStore|ARM.Deploy.0 = Debug|Any CPU
		{F866F56D-A4A8-4548-ACC5-97578189FCC3}.AppStore|iPhone.ActiveCfg = Debug|Any CPU
		{F866F56D-A4A8-4548-ACC5-97578189FCC3}.AppStore|iPhone.Build.0 = Debug|Any CPU
		{F866F56D-A4A8-4548-ACC5-97578189FCC3}.AppStore|iPhone.Deploy.0 = Debug|Any CPU
		{F866F56D-A4A8-4548-ACC5-97578189FCC3}.AppStore|iPhoneSimulator.ActiveCfg = Debug|Any CPU
		{F866F56D-A4A8-4548-ACC5-97578189FCC3}.AppStore|iPhoneSimulator.Build.0 = Debug|Any CPU
		{F866F56D-A4A8-4548-ACC5-97578189FCC3}.AppStore|iPhoneSimulator.Deploy.0 = Debug|Any CPU
		{F866F56D-A4A8-4548-ACC5-97578189FCC3}.AppStore|x64.ActiveCfg = Debug|Any CPU
		{F866F56D-A4A8-4548-ACC5-97578189FCC3}.AppStore|x64.Build.0 = Debug|Any CPU
		{F866F56D-A4A8-4548-ACC5-97578189FCC3}.AppStore|x64.Deploy.0 = Debug|Any CPU
		{F866F56D-A4A8-4548-ACC5-97578189FCC3}.AppStore|x86.ActiveCfg = Debug|Any CPU
		{F866F56D-A4A8-4548-ACC5-97578189FCC3}.AppStore|x86.Build.0 = Debug|Any CPU
		{F866F56D-A4A8-4548-ACC5-97578189FCC3}.AppStore|x86.Deploy.0 = Debug|Any CPU
		{F866F56D-A4A8-4548-ACC5-97578189FCC3}.Debug|Any CPU.ActiveCfg = Debug|Any CPU
		{F866F56D-A4A8-4548-ACC5-97578189FCC3}.Debug|Any CPU.Build.0 = Debug|Any CPU
		{F866F56D-A4A8-4548-ACC5-97578189FCC3}.Debug|Any CPU.Deploy.0 = Debug|Any CPU
		{F866F56D-A4A8-4548-ACC5-97578189FCC3}.Debug|ARM.ActiveCfg = Debug|Any CPU
		{F866F56D-A4A8-4548-ACC5-97578189FCC3}.Debug|ARM.Build.0 = Debug|Any CPU
		{F866F56D-A4A8-4548-ACC5-97578189FCC3}.Debug|ARM.Deploy.0 = Debug|Any CPU
		{F866F56D-A4A8-4548-ACC5-97578189FCC3}.Debug|iPhone.ActiveCfg = Debug|Any CPU
		{F866F56D-A4A8-4548-ACC5-97578189FCC3}.Debug|iPhone.Build.0 = Debug|Any CPU
		{F866F56D-A4A8-4548-ACC5-97578189FCC3}.Debug|iPhone.Deploy.0 = Debug|Any CPU
		{F866F56D-A4A8-4548-ACC5-97578189FCC3}.Debug|iPhoneSimulator.ActiveCfg = Debug|Any CPU
		{F866F56D-A4A8-4548-ACC5-97578189FCC3}.Debug|iPhoneSimulator.Build.0 = Debug|Any CPU
		{F866F56D-A4A8-4548-ACC5-97578189FCC3}.Debug|iPhoneSimulator.Deploy.0 = Debug|Any CPU
		{F866F56D-A4A8-4548-ACC5-97578189FCC3}.Debug|x64.ActiveCfg = Debug|Any CPU
		{F866F56D-A4A8-4548-ACC5-97578189FCC3}.Debug|x64.Build.0 = Debug|Any CPU
		{F866F56D-A4A8-4548-ACC5-97578189FCC3}.Debug|x64.Deploy.0 = Debug|Any CPU
		{F866F56D-A4A8-4548-ACC5-97578189FCC3}.Debug|x86.ActiveCfg = Debug|Any CPU
		{F866F56D-A4A8-4548-ACC5-97578189FCC3}.Debug|x86.Build.0 = Debug|Any CPU
		{F866F56D-A4A8-4548-ACC5-97578189FCC3}.Debug|x86.Deploy.0 = Debug|Any CPU
		{F866F56D-A4A8-4548-ACC5-97578189FCC3}.Release|Any CPU.ActiveCfg = Release|Any CPU
		{F866F56D-A4A8-4548-ACC5-97578189FCC3}.Release|Any CPU.Build.0 = Release|Any CPU
		{F866F56D-A4A8-4548-ACC5-97578189FCC3}.Release|Any CPU.Deploy.0 = Release|Any CPU
		{F866F56D-A4A8-4548-ACC5-97578189FCC3}.Release|ARM.ActiveCfg = Release|Any CPU
		{F866F56D-A4A8-4548-ACC5-97578189FCC3}.Release|ARM.Build.0 = Release|Any CPU
		{F866F56D-A4A8-4548-ACC5-97578189FCC3}.Release|ARM.Deploy.0 = Release|Any CPU
		{F866F56D-A4A8-4548-ACC5-97578189FCC3}.Release|iPhone.ActiveCfg = Release|Any CPU
		{F866F56D-A4A8-4548-ACC5-97578189FCC3}.Release|iPhone.Build.0 = Release|Any CPU
		{F866F56D-A4A8-4548-ACC5-97578189FCC3}.Release|iPhone.Deploy.0 = Release|Any CPU
		{F866F56D-A4A8-4548-ACC5-97578189FCC3}.Release|iPhoneSimulator.ActiveCfg = Release|Any CPU
		{F866F56D-A4A8-4548-ACC5-97578189FCC3}.Release|iPhoneSimulator.Build.0 = Release|Any CPU
		{F866F56D-A4A8-4548-ACC5-97578189FCC3}.Release|iPhoneSimulator.Deploy.0 = Release|Any CPU
		{F866F56D-A4A8-4548-ACC5-97578189FCC3}.Release|x64.ActiveCfg = Release|Any CPU
		{F866F56D-A4A8-4548-ACC5-97578189FCC3}.Release|x64.Build.0 = Release|Any CPU
		{F866F56D-A4A8-4548-ACC5-97578189FCC3}.Release|x64.Deploy.0 = Release|Any CPU
		{F866F56D-A4A8-4548-ACC5-97578189FCC3}.Release|x86.ActiveCfg = Release|Any CPU
		{F866F56D-A4A8-4548-ACC5-97578189FCC3}.Release|x86.Build.0 = Release|Any CPU
		{F866F56D-A4A8-4548-ACC5-97578189FCC3}.Release|x86.Deploy.0 = Release|Any CPU
	EndGlobalSection
	GlobalSection(SolutionProperties) = preSolution
		HideSolutionNode = FALSE
	EndGlobalSection
	GlobalSection(ExtensibilityGlobals) = postSolution
		SolutionGuid = {C052F16D-A9E6-4949-A07A-388BDE9FD68F}
	EndGlobalSection
EndGlobal
